// !$*UTF8*$!
{
	archiveVersion = 1;
	classes = {
	};
	objectVersion = 56;
	objects = {

/* Begin PBXBuildFile section */
		301ED8132AE5774F00755C1E /* account_storageApp.swift in Sources */ = {isa = PBXBuildFile; fileRef = 301ED8122AE5774F00755C1E /* account_storageApp.swift */; };
		301ED8152AE5774F00755C1E /* ContentView.swift in Sources */ = {isa = PBXBuildFile; fileRef = 301ED8142AE5774F00755C1E /* ContentView.swift */; };
		301ED8172AE5775000755C1E /* Assets.xcassets in Resources */ = {isa = PBXBuildFile; fileRef = 301ED8162AE5775000755C1E /* Assets.xcassets */; };
		301ED81A2AE5775000755C1E /* Preview Assets.xcassets in Resources */ = {isa = PBXBuildFile; fileRef = 301ED8192AE5775000755C1E /* Preview Assets.xcassets */; };
		301ED8242AE5775000755C1E /* account_storageTests.swift in Sources */ = {isa = PBXBuildFile; fileRef = 301ED8232AE5775000755C1E /* account_storageTests.swift */; };
		301ED82E2AE5775000755C1E /* account_storageUITests.swift in Sources */ = {isa = PBXBuildFile; fileRef = 301ED82D2AE5775000755C1E /* account_storageUITests.swift */; };
		301ED8302AE5775000755C1E /* account_storageUITestsLaunchTests.swift in Sources */ = {isa = PBXBuildFile; fileRef = 301ED82F2AE5775000755C1E /* account_storageUITestsLaunchTests.swift */; };
/* End PBXBuildFile section */

/* Begin PBXContainerItemProxy section */
		301ED8202AE5775000755C1E /* PBXContainerItemProxy */ = {
			isa = PBXContainerItemProxy;
			containerPortal = 301ED8072AE5774F00755C1E /* Project object */;
			proxyType = 1;
			remoteGlobalIDString = 301ED80E2AE5774F00755C1E;
			remoteInfo = "account-storage";
		};
		301ED82A2AE5775000755C1E /* PBXContainerItemProxy */ = {
			isa = PBXContainerItemProxy;
			containerPortal = 301ED8072AE5774F00755C1E /* Project object */;
			proxyType = 1;
			remoteGlobalIDString = 301ED80E2AE5774F00755C1E;
			remoteInfo = "account-storage";
		};
/* End PBXContainerItemProxy section */

/* Begin PBXFileReference section */
		301ED80F2AE5774F00755C1E /* account-storage.app */ = {isa = PBXFileReference; explicitFileType = wrapper.application; includeInIndex = 0; path = "account-storage.app"; sourceTree = BUILT_PRODUCTS_DIR; };
		301ED8122AE5774F00755C1E /* account_storageApp.swift */ = {isa = PBXFileReference; lastKnownFileType = sourcecode.swift; path = account_storageApp.swift; sourceTree = "<group>"; };
		301ED8142AE5774F00755C1E /* ContentView.swift */ = {isa = PBXFileReference; lastKnownFileType = sourcecode.swift; path = ContentView.swift; sourceTree = "<group>"; };
		301ED8162AE5775000755C1E /* Assets.xcassets */ = {isa = PBXFileReference; lastKnownFileType = folder.assetcatalog; path = Assets.xcassets; sourceTree = "<group>"; };
		301ED8192AE5775000755C1E /* Preview Assets.xcassets */ = {isa = PBXFileReference; lastKnownFileType = folder.assetcatalog; path = "Preview Assets.xcassets"; sourceTree = "<group>"; };
		301ED81F2AE5775000755C1E /* account-storageTests.xctest */ = {isa = PBXFileReference; explicitFileType = wrapper.cfbundle; includeInIndex = 0; path = "account-storageTests.xctest"; sourceTree = BUILT_PRODUCTS_DIR; };
		301ED8232AE5775000755C1E /* account_storageTests.swift */ = {isa = PBXFileReference; lastKnownFileType = sourcecode.swift; path = account_storageTests.swift; sourceTree = "<group>"; };
		301ED8292AE5775000755C1E /* account-storageUITests.xctest */ = {isa = PBXFileReference; explicitFileType = wrapper.cfbundle; includeInIndex = 0; path = "account-storageUITests.xctest"; sourceTree = BUILT_PRODUCTS_DIR; };
		301ED82D2AE5775000755C1E /* account_storageUITests.swift */ = {isa = PBXFileReference; lastKnownFileType = sourcecode.swift; path = account_storageUITests.swift; sourceTree = "<group>"; };
		301ED82F2AE5775000755C1E /* account_storageUITestsLaunchTests.swift */ = {isa = PBXFileReference; lastKnownFileType = sourcecode.swift; path = account_storageUITestsLaunchTests.swift; sourceTree = "<group>"; };
/* End PBXFileReference section */

/* Begin PBXFrameworksBuildPhase section */
		301ED80C2AE5774F00755C1E /* Frameworks */ = {
			isa = PBXFrameworksBuildPhase;
			buildActionMask = 2147483647;
			files = (
			);
			runOnlyForDeploymentPostprocessing = 0;
		};
		301ED81C2AE5775000755C1E /* Frameworks */ = {
			isa = PBXFrameworksBuildPhase;
			buildActionMask = 2147483647;
			files = (
			);
			runOnlyForDeploymentPostprocessing = 0;
		};
		301ED8262AE5775000755C1E /* Frameworks */ = {
			isa = PBXFrameworksBuildPhase;
			buildActionMask = 2147483647;
			files = (
			);
			runOnlyForDeploymentPostprocessing = 0;
		};
/* End PBXFrameworksBuildPhase section */

/* Begin PBXGroup section */
		301ED8062AE5774F00755C1E = {
			isa = PBXGroup;
			children = (
				301ED8112AE5774F00755C1E /* account-storage */,
				301ED8222AE5775000755C1E /* account-storageTests */,
				301ED82C2AE5775000755C1E /* account-storageUITests */,
				301ED8102AE5774F00755C1E /* Products */,
			);
			sourceTree = "<group>";
		};
		301ED8102AE5774F00755C1E /* Products */ = {
			isa = PBXGroup;
			children = (
				301ED80F2AE5774F00755C1E /* account-storage.app */,
				301ED81F2AE5775000755C1E /* account-storageTests.xctest */,
				301ED8292AE5775000755C1E /* account-storageUITests.xctest */,
			);
			name = Products;
			sourceTree = "<group>";
		};
		301ED8112AE5774F00755C1E /* account-storage */ = {
			isa = PBXGroup;
			children = (
				301ED8122AE5774F00755C1E /* account_storageApp.swift */,
				301ED8142AE5774F00755C1E /* ContentView.swift */,
				301ED8162AE5775000755C1E /* Assets.xcassets */,
				301ED8182AE5775000755C1E /* Preview Content */,
			);
			path = "account-storage";
			sourceTree = "<group>";
		};
		301ED8182AE5775000755C1E /* Preview Content */ = {
			isa = PBXGroup;
			children = (
				301ED8192AE5775000755C1E /* Preview Assets.xcassets */,
			);
			path = "Preview Content";
			sourceTree = "<group>";
		};
		301ED8222AE5775000755C1E /* account-storageTests */ = {
			isa = PBXGroup;
			children = (
				301ED8232AE5775000755C1E /* account_storageTests.swift */,
			);
			path = "account-storageTests";
			sourceTree = "<group>";
		};
		301ED82C2AE5775000755C1E /* account-storageUITests */ = {
			isa = PBXGroup;
			children = (
				301ED82D2AE5775000755C1E /* account_storageUITests.swift */,
				301ED82F2AE5775000755C1E /* account_storageUITestsLaunchTests.swift */,
			);
			path = "account-storageUITests";
			sourceTree = "<group>";
		};
/* End PBXGroup section */

/* Begin PBXNativeTarget section */
		301ED80E2AE5774F00755C1E /* account-storage */ = {
			isa = PBXNativeTarget;
			buildConfigurationList = 301ED8332AE5775000755C1E /* Build configuration list for PBXNativeTarget "account-storage" */;
			buildPhases = (
				301ED80B2AE5774F00755C1E /* Sources */,
				301ED80C2AE5774F00755C1E /* Frameworks */,
				301ED80D2AE5774F00755C1E /* Resources */,
			);
			buildRules = (
			);
			dependencies = (
			);
			name = "account-storage";
			productName = "account-storage";
			productReference = 301ED80F2AE5774F00755C1E /* account-storage.app */;
			productType = "com.apple.product-type.application";
		};
		301ED81E2AE5775000755C1E /* account-storageTests */ = {
			isa = PBXNativeTarget;
			buildConfigurationList = 301ED8362AE5775000755C1E /* Build configuration list for PBXNativeTarget "account-storageTests" */;
			buildPhases = (
				301ED81B2AE5775000755C1E /* Sources */,
				301ED81C2AE5775000755C1E /* Frameworks */,
				301ED81D2AE5775000755C1E /* Resources */,
			);
			buildRules = (
			);
			dependencies = (
				301ED8212AE5775000755C1E /* PBXTargetDependency */,
			);
			name = "account-storageTests";
			productName = "account-storageTests";
			productReference = 301ED81F2AE5775000755C1E /* account-storageTests.xctest */;
			productType = "com.apple.product-type.bundle.unit-test";
		};
		301ED8282AE5775000755C1E /* account-storageUITests */ = {
			isa = PBXNativeTarget;
			buildConfigurationList = 301ED8392AE5775000755C1E /* Build configuration list for PBXNativeTarget "account-storageUITests" */;
			buildPhases = (
				301ED8252AE5775000755C1E /* Sources */,
				301ED8262AE5775000755C1E /* Frameworks */,
				301ED8272AE5775000755C1E /* Resources */,
			);
			buildRules = (
			);
			dependencies = (
				301ED82B2AE5775000755C1E /* PBXTargetDependency */,
			);
			name = "account-storageUITests";
			productName = "account-storageUITests";
			productReference = 301ED8292AE5775000755C1E /* account-storageUITests.xctest */;
			productType = "com.apple.product-type.bundle.ui-testing";
		};
/* End PBXNativeTarget section */

/* Begin PBXProject section */
		301ED8072AE5774F00755C1E /* Project object */ = {
			isa = PBXProject;
			attributes = {
				BuildIndependentTargetsInParallel = 1;
				LastSwiftUpdateCheck = 1500;
				LastUpgradeCheck = 1500;
				TargetAttributes = {
					301ED80E2AE5774F00755C1E = {
						CreatedOnToolsVersion = 15.0;
					};
					301ED81E2AE5775000755C1E = {
						CreatedOnToolsVersion = 15.0;
						TestTargetID = 301ED80E2AE5774F00755C1E;
					};
					301ED8282AE5775000755C1E = {
						CreatedOnToolsVersion = 15.0;
						TestTargetID = 301ED80E2AE5774F00755C1E;
					};
				};
			};
			buildConfigurationList = 301ED80A2AE5774F00755C1E /* Build configuration list for PBXProject "account-storage" */;
			compatibilityVersion = "Xcode 14.0";
			developmentRegion = en;
			hasScannedForEncodings = 0;
			knownRegions = (
				en,
				Base,
			);
			mainGroup = 301ED8062AE5774F00755C1E;
			productRefGroup = 301ED8102AE5774F00755C1E /* Products */;
			projectDirPath = "";
			projectRoot = "";
			targets = (
				301ED80E2AE5774F00755C1E /* account-storage */,
				301ED81E2AE5775000755C1E /* account-storageTests */,
				301ED8282AE5775000755C1E /* account-storageUITests */,
			);
		};
/* End PBXProject section */

/* Begin PBXResourcesBuildPhase section */
		301ED80D2AE5774F00755C1E /* Resources */ = {
			isa = PBXResourcesBuildPhase;
			buildActionMask = 2147483647;
			files = (
				301ED81A2AE5775000755C1E /* Preview Assets.xcassets in Resources */,
				301ED8172AE5775000755C1E /* Assets.xcassets in Resources */,
			);
			runOnlyForDeploymentPostprocessing = 0;
		};
		301ED81D2AE5775000755C1E /* Resources */ = {
			isa = PBXResourcesBuildPhase;
			buildActionMask = 2147483647;
			files = (
			);
			runOnlyForDeploymentPostprocessing = 0;
		};
		301ED8272AE5775000755C1E /* Resources */ = {
			isa = PBXResourcesBuildPhase;
			buildActionMask = 2147483647;
			files = (
			);
			runOnlyForDeploymentPostprocessing = 0;
		};
/* End PBXResourcesBuildPhase section */

/* Begin PBXSourcesBuildPhase section */
		301ED80B2AE5774F00755C1E /* Sources */ = {
			isa = PBXSourcesBuildPhase;
			buildActionMask = 2147483647;
			files = (
				301ED8152AE5774F00755C1E /* ContentView.swift in Sources */,
				301ED8132AE5774F00755C1E /* account_storageApp.swift in Sources */,
			);
			runOnlyForDeploymentPostprocessing = 0;
		};
		301ED81B2AE5775000755C1E /* Sources */ = {
			isa = PBXSourcesBuildPhase;
			buildActionMask = 2147483647;
			files = (
				301ED8242AE5775000755C1E /* account_storageTests.swift in Sources */,
			);
			runOnlyForDeploymentPostprocessing = 0;
		};
		301ED8252AE5775000755C1E /* Sources */ = {
			isa = PBXSourcesBuildPhase;
			buildActionMask = 2147483647;
			files = (
				301ED8302AE5775000755C1E /* account_storageUITestsLaunchTests.swift in Sources */,
				301ED82E2AE5775000755C1E /* account_storageUITests.swift in Sources */,
			);
			runOnlyForDeploymentPostprocessing = 0;
		};
/* End PBXSourcesBuildPhase section */

/* Begin PBXTargetDependency section */
		301ED8212AE5775000755C1E /* PBXTargetDependency */ = {
			isa = PBXTargetDependency;
			target = 301ED80E2AE5774F00755C1E /* account-storage */;
			targetProxy = 301ED8202AE5775000755C1E /* PBXContainerItemProxy */;
		};
		301ED82B2AE5775000755C1E /* PBXTargetDependency */ = {
			isa = PBXTargetDependency;
			target = 301ED80E2AE5774F00755C1E /* account-storage */;
			targetProxy = 301ED82A2AE5775000755C1E /* PBXContainerItemProxy */;
		};
/* End PBXTargetDependency section */

/* Begin XCBuildConfiguration section */
		301ED8312AE5775000755C1E /* Debug */ = {
			isa = XCBuildConfiguration;
			buildSettings = {
				ALWAYS_SEARCH_USER_PATHS = NO;
				ASSETCATALOG_COMPILER_GENERATE_SWIFT_ASSET_SYMBOL_EXTENSIONS = YES;
				CLANG_ANALYZER_NONNULL = YES;
				CLANG_ANALYZER_NUMBER_OBJECT_CONVERSION = YES_AGGRESSIVE;
				CLANG_CXX_LANGUAGE_STANDARD = "gnu++20";
				CLANG_ENABLE_MODULES = YES;
				CLANG_ENABLE_OBJC_ARC = YES;
				CLANG_ENABLE_OBJC_WEAK = YES;
				CLANG_WARN_BLOCK_CAPTURE_AUTORELEASING = YES;
				CLANG_WARN_BOOL_CONVERSION = YES;
				CLANG_WARN_COMMA = YES;
				CLANG_WARN_CONSTANT_CONVERSION = YES;
				CLANG_WARN_DEPRECATED_OBJC_IMPLEMENTATIONS = YES;
				CLANG_WARN_DIRECT_OBJC_ISA_USAGE = YES_ERROR;
				CLANG_WARN_DOCUMENTATION_COMMENTS = YES;
				CLANG_WARN_EMPTY_BODY = YES;
				CLANG_WARN_ENUM_CONVERSION = YES;
				CLANG_WARN_INFINITE_RECURSION = YES;
				CLANG_WARN_INT_CONVERSION = YES;
				CLANG_WARN_NON_LITERAL_NULL_CONVERSION = YES;
				CLANG_WARN_OBJC_IMPLICIT_RETAIN_SELF = YES;
				CLANG_WARN_OBJC_LITERAL_CONVERSION = YES;
				CLANG_WARN_OBJC_ROOT_CLASS = YES_ERROR;
				CLANG_WARN_QUOTED_INCLUDE_IN_FRAMEWORK_HEADER = YES;
				CLANG_WARN_RANGE_LOOP_ANALYSIS = YES;
				CLANG_WARN_STRICT_PROTOTYPES = YES;
				CLANG_WARN_SUSPICIOUS_MOVE = YES;
				CLANG_WARN_UNGUARDED_AVAILABILITY = YES_AGGRESSIVE;
				CLANG_WARN_UNREACHABLE_CODE = YES;
				CLANG_WARN__DUPLICATE_METHOD_MATCH = YES;
				COPY_PHASE_STRIP = NO;
				DEBUG_INFORMATION_FORMAT = dwarf;
				ENABLE_STRICT_OBJC_MSGSEND = YES;
				ENABLE_TESTABILITY = YES;
				ENABLE_USER_SCRIPT_SANDBOXING = YES;
				GCC_C_LANGUAGE_STANDARD = gnu17;
				GCC_DYNAMIC_NO_PIC = NO;
				GCC_NO_COMMON_BLOCKS = YES;
				GCC_OPTIMIZATION_LEVEL = 0;
				GCC_PREPROCESSOR_DEFINITIONS = (
					"DEBUG=1",
					"$(inherited)",
				);
				GCC_WARN_64_TO_32_BIT_CONVERSION = YES;
				GCC_WARN_ABOUT_RETURN_TYPE = YES_ERROR;
				GCC_WARN_UNDECLARED_SELECTOR = YES;
				GCC_WARN_UNINITIALIZED_AUTOS = YES_AGGRESSIVE;
				GCC_WARN_UNUSED_FUNCTION = YES;
				GCC_WARN_UNUSED_VARIABLE = YES;
				IPHONEOS_DEPLOYMENT_TARGET = 17.0;
				LOCALIZATION_PREFERS_STRING_CATALOGS = YES;
				MTL_ENABLE_DEBUG_INFO = INCLUDE_SOURCE;
				MTL_FAST_MATH = YES;
				ONLY_ACTIVE_ARCH = YES;
				SDKROOT = iphoneos;
				SWIFT_ACTIVE_COMPILATION_CONDITIONS = "DEBUG $(inherited)";
				SWIFT_OPTIMIZATION_LEVEL = "-Onone";
			};
			name = Debug;
		};
		301ED8322AE5775000755C1E /* Release */ = {
			isa = XCBuildConfiguration;
			buildSettings = {
				ALWAYS_SEARCH_USER_PATHS = NO;
				ASSETCATALOG_COMPILER_GENERATE_SWIFT_ASSET_SYMBOL_EXTENSIONS = YES;
				CLANG_ANALYZER_NONNULL = YES;
				CLANG_ANALYZER_NUMBER_OBJECT_CONVERSION = YES_AGGRESSIVE;
				CLANG_CXX_LANGUAGE_STANDARD = "gnu++20";
				CLANG_ENABLE_MODULES = YES;
				CLANG_ENABLE_OBJC_ARC = YES;
				CLANG_ENABLE_OBJC_WEAK = YES;
				CLANG_WARN_BLOCK_CAPTURE_AUTORELEASING = YES;
				CLANG_WARN_BOOL_CONVERSION = YES;
				CLANG_WARN_COMMA = YES;
				CLANG_WARN_CONSTANT_CONVERSION = YES;
				CLANG_WARN_DEPRECATED_OBJC_IMPLEMENTATIONS = YES;
				CLANG_WARN_DIRECT_OBJC_ISA_USAGE = YES_ERROR;
				CLANG_WARN_DOCUMENTATION_COMMENTS = YES;
				CLANG_WARN_EMPTY_BODY = YES;
				CLANG_WARN_ENUM_CONVERSION = YES;
				CLANG_WARN_INFINITE_RECURSION = YES;
				CLANG_WARN_INT_CONVERSION = YES;
				CLANG_WARN_NON_LITERAL_NULL_CONVERSION = YES;
				CLANG_WARN_OBJC_IMPLICIT_RETAIN_SELF = YES;
				CLANG_WARN_OBJC_LITERAL_CONVERSION = YES;
				CLANG_WARN_OBJC_ROOT_CLASS = YES_ERROR;
				CLANG_WARN_QUOTED_INCLUDE_IN_FRAMEWORK_HEADER = YES;
				CLANG_WARN_RANGE_LOOP_ANALYSIS = YES;
				CLANG_WARN_STRICT_PROTOTYPES = YES;
				CLANG_WARN_SUSPICIOUS_MOVE = YES;
				CLANG_WARN_UNGUARDED_AVAILABILITY = YES_AGGRESSIVE;
				CLANG_WARN_UNREACHABLE_CODE = YES;
				CLANG_WARN__DUPLICATE_METHOD_MATCH = YES;
				COPY_PHASE_STRIP = NO;
				DEBUG_INFORMATION_FORMAT = "dwarf-with-dsym";
				ENABLE_NS_ASSERTIONS = NO;
				ENABLE_STRICT_OBJC_MSGSEND = YES;
				ENABLE_USER_SCRIPT_SANDBOXING = YES;
				GCC_C_LANGUAGE_STANDARD = gnu17;
				GCC_NO_COMMON_BLOCKS = YES;
				GCC_WARN_64_TO_32_BIT_CONVERSION = YES;
				GCC_WARN_ABOUT_RETURN_TYPE = YES_ERROR;
				GCC_WARN_UNDECLARED_SELECTOR = YES;
				GCC_WARN_UNINITIALIZED_AUTOS = YES_AGGRESSIVE;
				GCC_WARN_UNUSED_FUNCTION = YES;
				GCC_WARN_UNUSED_VARIABLE = YES;
				IPHONEOS_DEPLOYMENT_TARGET = 17.0;
				LOCALIZATION_PREFERS_STRING_CATALOGS = YES;
				MTL_ENABLE_DEBUG_INFO = NO;
				MTL_FAST_MATH = YES;
				SDKROOT = iphoneos;
				SWIFT_COMPILATION_MODE = wholemodule;
				VALIDATE_PRODUCT = YES;
			};
			name = Release;
		};
		301ED8342AE5775000755C1E /* Debug */ = {
			isa = XCBuildConfiguration;
			buildSettings = {
				ASSETCATALOG_COMPILER_APPICON_NAME = AppIcon;
				ASSETCATALOG_COMPILER_GLOBAL_ACCENT_COLOR_NAME = AccentColor;
				CODE_SIGN_STYLE = Automatic;
				CURRENT_PROJECT_VERSION = 1;
				DEVELOPMENT_ASSET_PATHS = "\"account-storage/Preview Content\"";
				ENABLE_PREVIEWS = YES;
				GENERATE_INFOPLIST_FILE = YES;
				INFOPLIST_KEY_UIApplicationSceneManifest_Generation = YES;
				INFOPLIST_KEY_UIApplicationSupportsIndirectInputEvents = YES;
				INFOPLIST_KEY_UILaunchScreen_Generation = YES;
				INFOPLIST_KEY_UISupportedInterfaceOrientations_iPad = "UIInterfaceOrientationPortrait UIInterfaceOrientationPortraitUpsideDown UIInterfaceOrientationLandscapeLeft UIInterfaceOrientationLandscapeRight";
				INFOPLIST_KEY_UISupportedInterfaceOrientations_iPhone = "UIInterfaceOrientationPortrait UIInterfaceOrientationLandscapeLeft UIInterfaceOrientationLandscapeRight";
				LD_RUNPATH_SEARCH_PATHS = (
					"$(inherited)",
					"@executable_path/Frameworks",
				);
				MARKETING_VERSION = 1.0;
				PRODUCT_BUNDLE_IDENTIFIER = "study.account-storage";
				PRODUCT_NAME = "$(TARGET_NAME)";
				SWIFT_EMIT_LOC_STRINGS = YES;
				SWIFT_VERSION = 5.0;
				TARGETED_DEVICE_FAMILY = "1,2";
			};
			name = Debug;
		};
		301ED8352AE5775000755C1E /* Release */ = {
			isa = XCBuildConfiguration;
			buildSettings = {
				ASSETCATALOG_COMPILER_APPICON_NAME = AppIcon;
				ASSETCATALOG_COMPILER_GLOBAL_ACCENT_COLOR_NAME = AccentColor;
				CODE_SIGN_STYLE = Automatic;
				CURRENT_PROJECT_VERSION = 1;
				DEVELOPMENT_ASSET_PATHS = "\"account-storage/Preview Content\"";
				ENABLE_PREVIEWS = YES;
				GENERATE_INFOPLIST_FILE = YES;
				INFOPLIST_KEY_UIApplicationSceneManifest_Generation = YES;
				INFOPLIST_KEY_UIApplicationSupportsIndirectInputEvents = YES;
				INFOPLIST_KEY_UILaunchScreen_Generation = YES;
				INFOPLIST_KEY_UISupportedInterfaceOrientations_iPad = "UIInterfaceOrientationPortrait UIInterfaceOrientationPortraitUpsideDown UIInterfaceOrientationLandscapeLeft UIInterfaceOrientationLandscapeRight";
				INFOPLIST_KEY_UISupportedInterfaceOrientations_iPhone = "UIInterfaceOrientationPortrait UIInterfaceOrientationLandscapeLeft UIInterfaceOrientationLandscapeRight";
				LD_RUNPATH_SEARCH_PATHS = (
					"$(inherited)",
					"@executable_path/Frameworks",
				);
				MARKETING_VERSION = 1.0;
				PRODUCT_BUNDLE_IDENTIFIER = "study.account-storage";
				PRODUCT_NAME = "$(TARGET_NAME)";
				SWIFT_EMIT_LOC_STRINGS = YES;
				SWIFT_VERSION = 5.0;
				TARGETED_DEVICE_FAMILY = "1,2";
			};
			name = Release;
		};
		301ED8372AE5775000755C1E /* Debug */ = {
			isa = XCBuildConfiguration;
			buildSettings = {
				ALWAYS_EMBED_SWIFT_STANDARD_LIBRARIES = YES;
				BUNDLE_LOADER = "$(TEST_HOST)";
				CODE_SIGN_STYLE = Automatic;
				CURRENT_PROJECT_VERSION = 1;
				GENERATE_INFOPLIST_FILE = YES;
				IPHONEOS_DEPLOYMENT_TARGET = 17.0;
				MARKETING_VERSION = 1.0;
				PRODUCT_BUNDLE_IDENTIFIER = "study.account-storageTests";
				PRODUCT_NAME = "$(TARGET_NAME)";
				SWIFT_EMIT_LOC_STRINGS = NO;
				SWIFT_VERSION = 5.0;
				TARGETED_DEVICE_FAMILY = "1,2";
				TEST_HOST = "$(BUILT_PRODUCTS_DIR)/account-storage.app/$(BUNDLE_EXECUTABLE_FOLDER_PATH)/account-storage";
			};
			name = Debug;
		};
		301ED8382AE5775000755C1E /* Release */ = {
			isa = XCBuildConfiguration;
			buildSettings = {
				ALWAYS_EMBED_SWIFT_STANDARD_LIBRARIES = YES;
				BUNDLE_LOADER = "$(TEST_HOST)";
				CODE_SIGN_STYLE = Automatic;
				CURRENT_PROJECT_VERSION = 1;
				GENERATE_INFOPLIST_FILE = YES;
				IPHONEOS_DEPLOYMENT_TARGET = 17.0;
				MARKETING_VERSION = 1.0;
				PRODUCT_BUNDLE_IDENTIFIER = "study.account-storageTests";
				PRODUCT_NAME = "$(TARGET_NAME)";
				SWIFT_EMIT_LOC_STRINGS = NO;
				SWIFT_VERSION = 5.0;
				TARGETED_DEVICE_FAMILY = "1,2";
				TEST_HOST = "$(BUILT_PRODUCTS_DIR)/account-storage.app/$(BUNDLE_EXECUTABLE_FOLDER_PATH)/account-storage";
			};
			name = Release;
		};
		301ED83A2AE5775000755C1E /* Debug */ = {
			isa = XCBuildConfiguration;
			buildSettings = {
				ALWAYS_EMBED_SWIFT_STANDARD_LIBRARIES = YES;
				CODE_SIGN_STYLE = Automatic;
				CURRENT_PROJECT_VERSION = 1;
				GENERATE_INFOPLIST_FILE = YES;
				MARKETING_VERSION = 1.0;
				PRODUCT_BUNDLE_IDENTIFIER = "study.account-storageUITests";
				PRODUCT_NAME = "$(TARGET_NAME)";
				SWIFT_EMIT_LOC_STRINGS = NO;
				SWIFT_VERSION = 5.0;
				TARGETED_DEVICE_FAMILY = "1,2";
				TEST_TARGET_NAME = "account-storage";
			};
			name = Debug;
		};
		301ED83B2AE5775000755C1E /* Release */ = {
			isa = XCBuildConfiguration;
			buildSettings = {
				ALWAYS_EMBED_SWIFT_STANDARD_LIBRARIES = YES;
				CODE_SIGN_STYLE = Automatic;
				CURRENT_PROJECT_VERSION = 1;
				GENERATE_INFOPLIST_FILE = YES;
				MARKETING_VERSION = 1.0;
				PRODUCT_BUNDLE_IDENTIFIER = "study.account-storageUITests";
				PRODUCT_NAME = "$(TARGET_NAME)";
				SWIFT_EMIT_LOC_STRINGS = NO;
				SWIFT_VERSION = 5.0;
				TARGETED_DEVICE_FAMILY = "1,2";
				TEST_TARGET_NAME = "account-storage";
			};
			name = Release;
		};
/* End XCBuildConfiguration section */

/* Begin XCConfigurationList section */
		301ED80A2AE5774F00755C1E /* Build configuration list for PBXProject "account-storage" */ = {
			isa = XCConfigurationList;
			buildConfigurations = (
				301ED8312AE5775000755C1E /* Debug */,
				301ED8322AE5775000755C1E /* Release */,
			);
			defaultConfigurationIsVisible = 0;
			defaultConfigurationName = Release;
		};
		301ED8332AE5775000755C1E /* Build configuration list for PBXNativeTarget "account-storage" */ = {
			isa = XCConfigurationList;
			buildConfigurations = (
				301ED8342AE5775000755C1E /* Debug */,
				301ED8352AE5775000755C1E /* Release */,
			);
			defaultConfigurationIsVisible = 0;
			defaultConfigurationName = Release;
		};
		301ED8362AE5775000755C1E /* Build configuration list for PBXNativeTarget "account-storageTests" */ = {
			isa = XCConfigurationList;
			buildConfigurations = (
				301ED8372AE5775000755C1E /* Debug */,
				301ED8382AE5775000755C1E /* Release */,
			);
			defaultConfigurationIsVisible = 0;
			defaultConfigurationName = Release;
		};
		301ED8392AE5775000755C1E /* Build configuration list for PBXNativeTarget "account-storageUITests" */ = {
			isa = XCConfigurationList;
			buildConfigurations = (
				301ED83A2AE5775000755C1E /* Debug */,
				301ED83B2AE5775000755C1E /* Release */,
			);
			defaultConfigurationIsVisible = 0;
			defaultConfigurationName = Release;
		};
/* End XCConfigurationList section */
	};
	rootObject = 301ED8072AE5774F00755C1E /* Project object */;
}
